// !$*UTF8*$!
{
	archiveVersion = 1;
	classes = {
	};
	objectVersion = 48;
	objects = {

/* Begin PBXBuildFile section */
		221106662375A36D004E34E9 /* 120 - iPhone-1.png in Resources */ = {isa = PBXBuildFile; fileRef = 221106642375A36D004E34E9 /* 120 - iPhone-1.png */; };
		221106672375A36D004E34E9 /* 180 - iPhone 6 Plus.png in Resources */ = {isa = PBXBuildFile; fileRef = 221106652375A36D004E34E9 /* 180 - iPhone 6 Plus.png */; };
		2211066A2375A484004E34E9 /* pad2x.png in Resources */ = {isa = PBXBuildFile; fileRef = 221106682375A484004E34E9 /* pad2x.png */; };
		2211066B2375A484004E34E9 /* pad1x.png in Resources */ = {isa = PBXBuildFile; fileRef = 221106692375A484004E34E9 /* pad1x.png */; };
		222821742244DEBC0000FA92 /* AppDelegate.swift in Sources */ = {isa = PBXBuildFile; fileRef = 222821732244DEBC0000FA92 /* AppDelegate.swift */; };
		222821762244DEBC0000FA92 /* ViewController.swift in Sources */ = {isa = PBXBuildFile; fileRef = 222821752244DEBC0000FA92 /* ViewController.swift */; };
		222821792244DEBC0000FA92 /* Main.storyboard in Resources */ = {isa = PBXBuildFile; fileRef = 222821772244DEBC0000FA92 /* Main.storyboard */; };
		2228217B2244DEBE0000FA92 /* Assets.xcassets in Resources */ = {isa = PBXBuildFile; fileRef = 2228217A2244DEBE0000FA92 /* Assets.xcassets */; };
		222821892244DEBE0000FA92 /* haulerLocInjectTests.swift in Sources */ = {isa = PBXBuildFile; fileRef = 222821882244DEBE0000FA92 /* haulerLocInjectTests.swift */; };
		222821942244DEBE0000FA92 /* haulerLocInjectUITests.swift in Sources */ = {isa = PBXBuildFile; fileRef = 222821932244DEBE0000FA92 /* haulerLocInjectUITests.swift */; };
		2228B7DD237564A5000D11D2 /* Instructions.swift in Sources */ = {isa = PBXBuildFile; fileRef = 2228B7DC237564A5000D11D2 /* Instructions.swift */; };
		222996222373189C00A4B2AB /* LOGO-Rubicon.png in Resources */ = {isa = PBXBuildFile; fileRef = 222996212373189C00A4B2AB /* LOGO-Rubicon.png */; };
		2294483E23744C55004458AB /* LOGO-Rubicon copy.png in Resources */ = {isa = PBXBuildFile; fileRef = 2294483D23744C55004458AB /* LOGO-Rubicon copy.png */; };
		2294484023744DAD004458AB /* Launch Screen.storyboard in Resources */ = {isa = PBXBuildFile; fileRef = 2294483F23744DAD004458AB /* Launch Screen.storyboard */; };
/* End PBXBuildFile section */

/* Begin PBXContainerItemProxy section */
		222821852244DEBE0000FA92 /* PBXContainerItemProxy */ = {
			isa = PBXContainerItemProxy;
			containerPortal = 222821682244DEBC0000FA92 /* Project object */;
			proxyType = 1;
			remoteGlobalIDString = 2228216F2244DEBC0000FA92;
			remoteInfo = haulerLocInject;
		};
		222821902244DEBE0000FA92 /* PBXContainerItemProxy */ = {
			isa = PBXContainerItemProxy;
			containerPortal = 222821682244DEBC0000FA92 /* Project object */;
			proxyType = 1;
			remoteGlobalIDString = 2228216F2244DEBC0000FA92;
			remoteInfo = haulerLocInject;
		};
/* End PBXContainerItemProxy section */

/* Begin PBXFileReference section */
		221106642375A36D004E34E9 /* 120 - iPhone-1.png */ = {isa = PBXFileReference; lastKnownFileType = image.png; path = "120 - iPhone-1.png"; sourceTree = "<group>"; };
		221106652375A36D004E34E9 /* 180 - iPhone 6 Plus.png */ = {isa = PBXFileReference; lastKnownFileType = image.png; path = "180 - iPhone 6 Plus.png"; sourceTree = "<group>"; };
		221106682375A484004E34E9 /* pad2x.png */ = {isa = PBXFileReference; lastKnownFileType = image.png; path = pad2x.png; sourceTree = "<group>"; };
		221106692375A484004E34E9 /* pad1x.png */ = {isa = PBXFileReference; lastKnownFileType = image.png; path = pad1x.png; sourceTree = "<group>"; };
		2213FBCC225E1E710003CD80 /* frontRecTu1.gpx */ = {isa = PBXFileReference; lastKnownFileType = text.xml; path = frontRecTu1.gpx; sourceTree = "<group>"; };
		221EE3BD225B659700ED752D /* 34_2_m_qa.gpx */ = {isa = PBXFileReference; lastKnownFileType = text.xml; path = 34_2_m_qa.gpx; sourceTree = "<group>"; };
		22259879224E544C00D46DE4 /* R2t2.gpx */ = {isa = PBXFileReference; lastKnownFileType = text.xml; path = R2t2.gpx; sourceTree = "<group>"; };
		222821702244DEBC0000FA92 /* haulerLocInject.app */ = {isa = PBXFileReference; explicitFileType = wrapper.application; includeInIndex = 0; path = haulerLocInject.app; sourceTree = BUILT_PRODUCTS_DIR; };
		222821732244DEBC0000FA92 /* AppDelegate.swift */ = {isa = PBXFileReference; lastKnownFileType = sourcecode.swift; path = AppDelegate.swift; sourceTree = "<group>"; };
		222821752244DEBC0000FA92 /* ViewController.swift */ = {isa = PBXFileReference; lastKnownFileType = sourcecode.swift; path = ViewController.swift; sourceTree = "<group>"; };
		222821782244DEBC0000FA92 /* Base */ = {isa = PBXFileReference; lastKnownFileType = file.storyboard; name = Base; path = Base.lproj/Main.storyboard; sourceTree = "<group>"; };
		2228217A2244DEBE0000FA92 /* Assets.xcassets */ = {isa = PBXFileReference; lastKnownFileType = folder.assetcatalog; path = Assets.xcassets; sourceTree = "<group>"; };
		2228217F2244DEBE0000FA92 /* Info.plist */ = {isa = PBXFileReference; lastKnownFileType = text.plist.xml; path = Info.plist; sourceTree = "<group>"; };
		222821842244DEBE0000FA92 /* haulerLocInjectTests.xctest */ = {isa = PBXFileReference; explicitFileType = wrapper.cfbundle; includeInIndex = 0; path = haulerLocInjectTests.xctest; sourceTree = BUILT_PRODUCTS_DIR; };
		222821882244DEBE0000FA92 /* haulerLocInjectTests.swift */ = {isa = PBXFileReference; lastKnownFileType = sourcecode.swift; path = haulerLocInjectTests.swift; sourceTree = "<group>"; };
		2228218A2244DEBE0000FA92 /* Info.plist */ = {isa = PBXFileReference; lastKnownFileType = text.plist.xml; path = Info.plist; sourceTree = "<group>"; };
		2228218F2244DEBE0000FA92 /* haulerLocInjectUITests.xctest */ = {isa = PBXFileReference; explicitFileType = wrapper.cfbundle; includeInIndex = 0; path = haulerLocInjectUITests.xctest; sourceTree = BUILT_PRODUCTS_DIR; };
		222821932244DEBE0000FA92 /* haulerLocInjectUITests.swift */ = {isa = PBXFileReference; lastKnownFileType = sourcecode.swift; path = haulerLocInjectUITests.swift; sourceTree = "<group>"; };
		222821952244DEBE0000FA92 /* Info.plist */ = {isa = PBXFileReference; lastKnownFileType = text.plist.xml; path = Info.plist; sourceTree = "<group>"; };
		222821A12244E8DB0000FA92 /* MirceaZaciu.gpx */ = {isa = PBXFileReference; lastKnownFileType = text.xml; path = MirceaZaciu.gpx; sourceTree = "<group>"; };
		2228B7DC237564A5000D11D2 /* Instructions.swift */ = {isa = PBXFileReference; lastKnownFileType = sourcecode.swift; path = Instructions.swift; sourceTree = "<group>"; };
		222996212373189C00A4B2AB /* LOGO-Rubicon.png */ = {isa = PBXFileReference; lastKnownFileType = image.png; path = "LOGO-Rubicon.png"; sourceTree = "<group>"; };
		2245E7AD231579CD002608C3 /* Buna_ziua.gpx */ = {isa = PBXFileReference; lastKnownFileType = text.xml; path = Buna_ziua.gpx; sourceTree = "<group>"; };
		2245E7AE23157A83002608C3 /* resiBunaZiua.gpx */ = {isa = PBXFileReference; lastKnownFileType = text.xml; path = resiBunaZiua.gpx; sourceTree = "<group>"; };
		225B138222521EFE00C4AA35 /* heltai.gpx */ = {isa = PBXFileReference; lastKnownFileType = text.xml; path = heltai.gpx; sourceTree = "<group>"; };
		225C6492232BB9D300C6D047 /* Disposalprox1.gpx */ = {isa = PBXFileReference; lastKnownFileType = text.xml; path = Disposalprox1.gpx; sourceTree = "<group>"; };
		2294483D23744C55004458AB /* LOGO-Rubicon copy.png */ = {isa = PBXFileReference; lastKnownFileType = image.png; path = "LOGO-Rubicon copy.png"; sourceTree = "<group>"; };
		2294483F23744DAD004458AB /* Launch Screen.storyboard */ = {isa = PBXFileReference; lastKnownFileType = file.storyboard; path = "Launch Screen.storyboard"; sourceTree = "<group>"; };
		22A08CCA2265DF9B00BC1764 /* Parang.gpx */ = {isa = PBXFileReference; lastKnownFileType = text.xml; path = Parang.gpx; sourceTree = "<group>"; };
		22BC77C22260E7360032D033 /* Orlandowastepaper4.gpx */ = {isa = PBXFileReference; lastKnownFileType = text.xml; path = Orlandowastepaper4.gpx; sourceTree = "<group>"; };
		22E6A39822DF3DE000D414B1 /* heltai.gpx */ = {isa = PBXFileReference; lastKnownFileType = text.xml; name = heltai.gpx; path = GPX/heltai.gpx; sourceTree = "<group>"; };
		22EA47CC22DDE72A00BFF675 /* MirceaZaciu.gpx */ = {isa = PBXFileReference; lastKnownFileType = text.xml; name = MirceaZaciu.gpx; path = GPX/MirceaZaciu.gpx; sourceTree = "<group>"; };
/* End PBXFileReference section */

/* Begin PBXFrameworksBuildPhase section */
		2228216D2244DEBC0000FA92 /* Frameworks */ = {
			isa = PBXFrameworksBuildPhase;
			buildActionMask = 2147483647;
			files = (
			);
			runOnlyForDeploymentPostprocessing = 0;
		};
		222821812244DEBE0000FA92 /* Frameworks */ = {
			isa = PBXFrameworksBuildPhase;
			buildActionMask = 2147483647;
			files = (
			);
			runOnlyForDeploymentPostprocessing = 0;
		};
		2228218C2244DEBE0000FA92 /* Frameworks */ = {
			isa = PBXFrameworksBuildPhase;
			buildActionMask = 2147483647;
			files = (
			);
			runOnlyForDeploymentPostprocessing = 0;
		};
/* End PBXFrameworksBuildPhase section */

/* Begin PBXGroup section */
		222821672244DEBC0000FA92 = {
			isa = PBXGroup;
			children = (
				225C6492232BB9D300C6D047 /* Disposalprox1.gpx */,
				2245E7AE23157A83002608C3 /* resiBunaZiua.gpx */,
				2245E7AD231579CD002608C3 /* Buna_ziua.gpx */,
				22E6A39822DF3DE000D414B1 /* heltai.gpx */,
				22EA47CC22DDE72A00BFF675 /* MirceaZaciu.gpx */,
				22A08CCA2265DF9B00BC1764 /* Parang.gpx */,
				22BC77C22260E7360032D033 /* Orlandowastepaper4.gpx */,
				2213FBCC225E1E710003CD80 /* frontRecTu1.gpx */,
				221EE3BD225B659700ED752D /* 34_2_m_qa.gpx */,
				225B138222521EFE00C4AA35 /* heltai.gpx */,
				22259879224E544C00D46DE4 /* R2t2.gpx */,
				222821A12244E8DB0000FA92 /* MirceaZaciu.gpx */,
				222821722244DEBC0000FA92 /* haulerLocInject */,
				222821872244DEBE0000FA92 /* haulerLocInjectTests */,
				222821922244DEBE0000FA92 /* haulerLocInjectUITests */,
				222821712244DEBC0000FA92 /* Products */,
			);
			sourceTree = "<group>";
		};
		222821712244DEBC0000FA92 /* Products */ = {
			isa = PBXGroup;
			children = (
				222821702244DEBC0000FA92 /* haulerLocInject.app */,
				222821842244DEBE0000FA92 /* haulerLocInjectTests.xctest */,
				2228218F2244DEBE0000FA92 /* haulerLocInjectUITests.xctest */,
			);
			name = Products;
			sourceTree = "<group>";
		};
		222821722244DEBC0000FA92 /* haulerLocInject */ = {
			isa = PBXGroup;
			children = (
				222821732244DEBC0000FA92 /* AppDelegate.swift */,
				222821752244DEBC0000FA92 /* ViewController.swift */,
				2228B7DC237564A5000D11D2 /* Instructions.swift */,
				222821772244DEBC0000FA92 /* Main.storyboard */,
				2228217A2244DEBE0000FA92 /* Assets.xcassets */,
				2294483F23744DAD004458AB /* Launch Screen.storyboard */,
				2294484123745874004458AB /* Images */,
				2228217F2244DEBE0000FA92 /* Info.plist */,
			);
			path = haulerLocInject;
			sourceTree = "<group>";
		};
		222821872244DEBE0000FA92 /* haulerLocInjectTests */ = {
			isa = PBXGroup;
			children = (
				222821882244DEBE0000FA92 /* haulerLocInjectTests.swift */,
				2228218A2244DEBE0000FA92 /* Info.plist */,
			);
			path = haulerLocInjectTests;
			sourceTree = "<group>";
		};
		222821922244DEBE0000FA92 /* haulerLocInjectUITests */ = {
			isa = PBXGroup;
			children = (
				222821932244DEBE0000FA92 /* haulerLocInjectUITests.swift */,
				222821952244DEBE0000FA92 /* Info.plist */,
			);
			path = haulerLocInjectUITests;
			sourceTree = "<group>";
		};
		2294484123745874004458AB /* Images */ = {
			isa = PBXGroup;
			children = (
				221106692375A484004E34E9 /* pad1x.png */,
				221106682375A484004E34E9 /* pad2x.png */,
				222996212373189C00A4B2AB /* LOGO-Rubicon.png */,
				221106642375A36D004E34E9 /* 120 - iPhone-1.png */,
				221106652375A36D004E34E9 /* 180 - iPhone 6 Plus.png */,
				2294483D23744C55004458AB /* LOGO-Rubicon copy.png */,
			);
			path = Images;
			sourceTree = "<group>";
		};
/* End PBXGroup section */

/* Begin PBXNativeTarget section */
		2228216F2244DEBC0000FA92 /* haulerLocInject */ = {
			isa = PBXNativeTarget;
			buildConfigurationList = 222821982244DEBE0000FA92 /* Build configuration list for PBXNativeTarget "haulerLocInject" */;
			buildPhases = (
				2228216C2244DEBC0000FA92 /* Sources */,
				2228216D2244DEBC0000FA92 /* Frameworks */,
				2228216E2244DEBC0000FA92 /* Resources */,
			);
			buildRules = (
			);
			dependencies = (
			);
			name = haulerLocInject;
			productName = haulerLocInject;
			productReference = 222821702244DEBC0000FA92 /* haulerLocInject.app */;
			productType = "com.apple.product-type.application";
		};
		222821832244DEBE0000FA92 /* haulerLocInjectTests */ = {
			isa = PBXNativeTarget;
			buildConfigurationList = 2228219B2244DEBE0000FA92 /* Build configuration list for PBXNativeTarget "haulerLocInjectTests" */;
			buildPhases = (
				222821802244DEBE0000FA92 /* Sources */,
				222821812244DEBE0000FA92 /* Frameworks */,
				222821822244DEBE0000FA92 /* Resources */,
			);
			buildRules = (
			);
			dependencies = (
				222821862244DEBE0000FA92 /* PBXTargetDependency */,
			);
			name = haulerLocInjectTests;
			productName = haulerLocInjectTests;
			productReference = 222821842244DEBE0000FA92 /* haulerLocInjectTests.xctest */;
			productType = "com.apple.product-type.bundle.unit-test";
		};
		2228218E2244DEBE0000FA92 /* haulerLocInjectUITests */ = {
			isa = PBXNativeTarget;
			buildConfigurationList = 2228219E2244DEBE0000FA92 /* Build configuration list for PBXNativeTarget "haulerLocInjectUITests" */;
			buildPhases = (
				2228218B2244DEBE0000FA92 /* Sources */,
				2228218C2244DEBE0000FA92 /* Frameworks */,
				2228218D2244DEBE0000FA92 /* Resources */,
			);
			buildRules = (
			);
			dependencies = (
				222821912244DEBE0000FA92 /* PBXTargetDependency */,
			);
			name = haulerLocInjectUITests;
			productName = haulerLocInjectUITests;
			productReference = 2228218F2244DEBE0000FA92 /* haulerLocInjectUITests.xctest */;
			productType = "com.apple.product-type.bundle.ui-testing";
		};
/* End PBXNativeTarget section */

/* Begin PBXProject section */
		222821682244DEBC0000FA92 /* Project object */ = {
			isa = PBXProject;
			attributes = {
				LastSwiftUpdateCheck = 1010;
				LastUpgradeCheck = 1010;
				ORGANIZATIONNAME = "Lateral Lateral";
				TargetAttributes = {
					2228216F2244DEBC0000FA92 = {
						CreatedOnToolsVersion = 10.1;
						ProvisioningStyle = Automatic;
						SystemCapabilities = {
							com.apple.BackgroundModes = {
								enabled = 1;
							};
						};
					};
					222821832244DEBE0000FA92 = {
						CreatedOnToolsVersion = 10.1;
						ProvisioningStyle = Automatic;
						TestTargetID = 2228216F2244DEBC0000FA92;
					};
					2228218E2244DEBE0000FA92 = {
						CreatedOnToolsVersion = 10.1;
						ProvisioningStyle = Automatic;
						TestTargetID = 2228216F2244DEBC0000FA92;
					};
				};
			};
			buildConfigurationList = 2228216B2244DEBC0000FA92 /* Build configuration list for PBXProject "haulerLocInject" */;
			compatibilityVersion = "Xcode 8.0";
			developmentRegion = en;
			hasScannedForEncodings = 0;
			knownRegions = (
				en,
				Base,
			);
			mainGroup = 222821672244DEBC0000FA92;
			productRefGroup = 222821712244DEBC0000FA92 /* Products */;
			projectDirPath = "";
			projectRoot = "";
			targets = (
				2228216F2244DEBC0000FA92 /* haulerLocInject */,
				222821832244DEBE0000FA92 /* haulerLocInjectTests */,
				2228218E2244DEBE0000FA92 /* haulerLocInjectUITests */,
			);
		};
/* End PBXProject section */

/* Begin PBXResourcesBuildPhase section */
		2228216E2244DEBC0000FA92 /* Resources */ = {
			isa = PBXResourcesBuildPhase;
			buildActionMask = 2147483647;
			files = (
				221106662375A36D004E34E9 /* 120 - iPhone-1.png in Resources */,
				2228217B2244DEBE0000FA92 /* Assets.xcassets in Resources */,
				222996222373189C00A4B2AB /* LOGO-Rubicon.png in Resources */,
				2211066A2375A484004E34E9 /* pad2x.png in Resources */,
				2294483E23744C55004458AB /* LOGO-Rubicon copy.png in Resources */,
				2211066B2375A484004E34E9 /* pad1x.png in Resources */,
				222821792244DEBC0000FA92 /* Main.storyboard in Resources */,
				221106672375A36D004E34E9 /* 180 - iPhone 6 Plus.png in Resources */,
				2294484023744DAD004458AB /* Launch Screen.storyboard in Resources */,
			);
			runOnlyForDeploymentPostprocessing = 0;
		};
		222821822244DEBE0000FA92 /* Resources */ = {
			isa = PBXResourcesBuildPhase;
			buildActionMask = 2147483647;
			files = (
			);
			runOnlyForDeploymentPostprocessing = 0;
		};
		2228218D2244DEBE0000FA92 /* Resources */ = {
			isa = PBXResourcesBuildPhase;
			buildActionMask = 2147483647;
			files = (
			);
			runOnlyForDeploymentPostprocessing = 0;
		};
/* End PBXResourcesBuildPhase section */

/* Begin PBXSourcesBuildPhase section */
		2228216C2244DEBC0000FA92 /* Sources */ = {
			isa = PBXSourcesBuildPhase;
			buildActionMask = 2147483647;
			files = (
				222821762244DEBC0000FA92 /* ViewController.swift in Sources */,
				2228B7DD237564A5000D11D2 /* Instructions.swift in Sources */,
				222821742244DEBC0000FA92 /* AppDelegate.swift in Sources */,
			);
			runOnlyForDeploymentPostprocessing = 0;
		};
		222821802244DEBE0000FA92 /* Sources */ = {
			isa = PBXSourcesBuildPhase;
			buildActionMask = 2147483647;
			files = (
				222821892244DEBE0000FA92 /* haulerLocInjectTests.swift in Sources */,
			);
			runOnlyForDeploymentPostprocessing = 0;
		};
		2228218B2244DEBE0000FA92 /* Sources */ = {
			isa = PBXSourcesBuildPhase;
			buildActionMask = 2147483647;
			files = (
				222821942244DEBE0000FA92 /* haulerLocInjectUITests.swift in Sources */,
			);
			runOnlyForDeploymentPostprocessing = 0;
		};
/* End PBXSourcesBuildPhase section */

/* Begin PBXTargetDependency section */
		222821862244DEBE0000FA92 /* PBXTargetDependency */ = {
			isa = PBXTargetDependency;
			target = 2228216F2244DEBC0000FA92 /* haulerLocInject */;
			targetProxy = 222821852244DEBE0000FA92 /* PBXContainerItemProxy */;
		};
		222821912244DEBE0000FA92 /* PBXTargetDependency */ = {
			isa = PBXTargetDependency;
			target = 2228216F2244DEBC0000FA92 /* haulerLocInject */;
			targetProxy = 222821902244DEBE0000FA92 /* PBXContainerItemProxy */;
		};
/* End PBXTargetDependency section */

/* Begin PBXVariantGroup section */
		222821772244DEBC0000FA92 /* Main.storyboard */ = {
			isa = PBXVariantGroup;
			children = (
				222821782244DEBC0000FA92 /* Base */,
			);
			name = Main.storyboard;
			sourceTree = "<group>";
		};
/* End PBXVariantGroup section */

/* Begin XCBuildConfiguration section */
		222821962244DEBE0000FA92 /* Debug */ = {
			isa = XCBuildConfiguration;
			buildSettings = {
				ALWAYS_SEARCH_USER_PATHS = NO;
				CLANG_ANALYZER_NONNULL = YES;
				CLANG_ANALYZER_NUMBER_OBJECT_CONVERSION = YES_AGGRESSIVE;
				CLANG_CXX_LANGUAGE_STANDARD = "gnu++14";
				CLANG_CXX_LIBRARY = "libc++";
				CLANG_ENABLE_MODULES = YES;
				CLANG_ENABLE_OBJC_ARC = YES;
				CLANG_ENABLE_OBJC_WEAK = YES;
				CLANG_WARN_BLOCK_CAPTURE_AUTORELEASING = YES;
				CLANG_WARN_BOOL_CONVERSION = YES;
				CLANG_WARN_COMMA = YES;
				CLANG_WARN_CONSTANT_CONVERSION = YES;
				CLANG_WARN_DEPRECATED_OBJC_IMPLEMENTATIONS = YES;
				CLANG_WARN_DIRECT_OBJC_ISA_USAGE = YES_ERROR;
				CLANG_WARN_DOCUMENTATION_COMMENTS = YES;
				CLANG_WARN_EMPTY_BODY = YES;
				CLANG_WARN_ENUM_CONVERSION = YES;
				CLANG_WARN_INFINITE_RECURSION = YES;
				CLANG_WARN_INT_CONVERSION = YES;
				CLANG_WARN_NON_LITERAL_NULL_CONVERSION = YES;
				CLANG_WARN_OBJC_IMPLICIT_RETAIN_SELF = YES;
				CLANG_WARN_OBJC_LITERAL_CONVERSION = YES;
				CLANG_WARN_OBJC_ROOT_CLASS = YES_ERROR;
				CLANG_WARN_RANGE_LOOP_ANALYSIS = YES;
				CLANG_WARN_STRICT_PROTOTYPES = YES;
				CLANG_WARN_SUSPICIOUS_MOVE = YES;
				CLANG_WARN_UNGUARDED_AVAILABILITY = YES_AGGRESSIVE;
				CLANG_WARN_UNREACHABLE_CODE = YES;
				CLANG_WARN__DUPLICATE_METHOD_MATCH = YES;
				CODE_SIGN_IDENTITY = "iPhone Developer";
				COPY_PHASE_STRIP = NO;
				DEBUG_INFORMATION_FORMAT = dwarf;
				ENABLE_STRICT_OBJC_MSGSEND = YES;
				ENABLE_TESTABILITY = YES;
				GCC_C_LANGUAGE_STANDARD = gnu11;
				GCC_DYNAMIC_NO_PIC = NO;
				GCC_NO_COMMON_BLOCKS = YES;
				GCC_OPTIMIZATION_LEVEL = 0;
				GCC_PREPROCESSOR_DEFINITIONS = (
					"DEBUG=1",
					"$(inherited)",
				);
				GCC_WARN_64_TO_32_BIT_CONVERSION = YES;
				GCC_WARN_ABOUT_RETURN_TYPE = YES_ERROR;
				GCC_WARN_UNDECLARED_SELECTOR = YES;
				GCC_WARN_UNINITIALIZED_AUTOS = YES_AGGRESSIVE;
				GCC_WARN_UNUSED_FUNCTION = YES;
				GCC_WARN_UNUSED_VARIABLE = YES;
				IPHONEOS_DEPLOYMENT_TARGET = 11.3;
				MTL_ENABLE_DEBUG_INFO = INCLUDE_SOURCE;
				MTL_FAST_MATH = YES;
				ONLY_ACTIVE_ARCH = YES;
				SDKROOT = iphoneos;
				SWIFT_ACTIVE_COMPILATION_CONDITIONS = DEBUG;
				SWIFT_OPTIMIZATION_LEVEL = "-Onone";
				TARGETED_DEVICE_FAMILY = 2;
			};
			name = Debug;
		};
		222821972244DEBE0000FA92 /* Release */ = {
			isa = XCBuildConfiguration;
			buildSettings = {
				ALWAYS_SEARCH_USER_PATHS = NO;
				CLANG_ANALYZER_NONNULL = YES;
				CLANG_ANALYZER_NUMBER_OBJECT_CONVERSION = YES_AGGRESSIVE;
				CLANG_CXX_LANGUAGE_STANDARD = "gnu++14";
				CLANG_CXX_LIBRARY = "libc++";
				CLANG_ENABLE_MODULES = YES;
				CLANG_ENABLE_OBJC_ARC = YES;
				CLANG_ENABLE_OBJC_WEAK = YES;
				CLANG_WARN_BLOCK_CAPTURE_AUTORELEASING = YES;
				CLANG_WARN_BOOL_CONVERSION = YES;
				CLANG_WARN_COMMA = YES;
				CLANG_WARN_CONSTANT_CONVERSION = YES;
				CLANG_WARN_DEPRECATED_OBJC_IMPLEMENTATIONS = YES;
				CLANG_WARN_DIRECT_OBJC_ISA_USAGE = YES_ERROR;
				CLANG_WARN_DOCUMENTATION_COMMENTS = YES;
				CLANG_WARN_EMPTY_BODY = YES;
				CLANG_WARN_ENUM_CONVERSION = YES;
				CLANG_WARN_INFINITE_RECURSION = YES;
				CLANG_WARN_INT_CONVERSION = YES;
				CLANG_WARN_NON_LITERAL_NULL_CONVERSION = YES;
				CLANG_WARN_OBJC_IMPLICIT_RETAIN_SELF = YES;
				CLANG_WARN_OBJC_LITERAL_CONVERSION = YES;
				CLANG_WARN_OBJC_ROOT_CLASS = YES_ERROR;
				CLANG_WARN_RANGE_LOOP_ANALYSIS = YES;
				CLANG_WARN_STRICT_PROTOTYPES = YES;
				CLANG_WARN_SUSPICIOUS_MOVE = YES;
				CLANG_WARN_UNGUARDED_AVAILABILITY = YES_AGGRESSIVE;
				CLANG_WARN_UNREACHABLE_CODE = YES;
				CLANG_WARN__DUPLICATE_METHOD_MATCH = YES;
				CODE_SIGN_IDENTITY = "iPhone Developer";
				COPY_PHASE_STRIP = NO;
				DEBUG_INFORMATION_FORMAT = "dwarf-with-dsym";
				ENABLE_NS_ASSERTIONS = NO;
				ENABLE_STRICT_OBJC_MSGSEND = YES;
				GCC_C_LANGUAGE_STANDARD = gnu11;
				GCC_NO_COMMON_BLOCKS = YES;
				GCC_WARN_64_TO_32_BIT_CONVERSION = YES;
				GCC_WARN_ABOUT_RETURN_TYPE = YES_ERROR;
				GCC_WARN_UNDECLARED_SELECTOR = YES;
				GCC_WARN_UNINITIALIZED_AUTOS = YES_AGGRESSIVE;
				GCC_WARN_UNUSED_FUNCTION = YES;
				GCC_WARN_UNUSED_VARIABLE = YES;
				IPHONEOS_DEPLOYMENT_TARGET = 11.3;
				MTL_ENABLE_DEBUG_INFO = NO;
				MTL_FAST_MATH = YES;
				SDKROOT = iphoneos;
				SWIFT_OPTIMIZATION_LEVEL = "-Owholemodule";
				TARGETED_DEVICE_FAMILY = 2;
				VALIDATE_PRODUCT = YES;
			};
			name = Release;
		};
		222821992244DEBE0000FA92 /* Debug */ = {
			isa = XCBuildConfiguration;
			buildSettings = {
				ASSETCATALOG_COMPILER_APPICON_NAME = AppIcon;
				CODE_SIGN_STYLE = Automatic;
				DEVELOPMENT_TEAM = TUF4B7CNFK;
				INFOPLIST_FILE = haulerLocInject/Info.plist;
				IPHONEOS_DEPLOYMENT_TARGET = 11.0;
				LD_RUNPATH_SEARCH_PATHS = "$(inherited) @executable_path/Frameworks";
				PRODUCT_BUNDLE_IDENTIFIER = hauler.haulerLocInject;
				PRODUCT_NAME = "$(TARGET_NAME)";
				SWIFT_VERSION = 4.2;
				TARGETED_DEVICE_FAMILY = "1,2";
			};
			name = Debug;
		};
		2228219A2244DEBE0000FA92 /* Release */ = {
			isa = XCBuildConfiguration;
			buildSettings = {
				ASSETCATALOG_COMPILER_APPICON_NAME = AppIcon;
				CODE_SIGN_STYLE = Automatic;
				DEVELOPMENT_TEAM = TUF4B7CNFK;
				INFOPLIST_FILE = haulerLocInject/Info.plist;
				IPHONEOS_DEPLOYMENT_TARGET = 11.0;
				LD_RUNPATH_SEARCH_PATHS = "$(inherited) @executable_path/Frameworks";
				PRODUCT_BUNDLE_IDENTIFIER = hauler.haulerLocInject;
				PRODUCT_NAME = "$(TARGET_NAME)";
				SWIFT_VERSION = 4.2;
				TARGETED_DEVICE_FAMILY = "1,2";
			};
			name = Release;
		};
		2228219C2244DEBE0000FA92 /* Debug */ = {
			isa = XCBuildConfiguration;
			buildSettings = {
				ALWAYS_EMBED_SWIFT_STANDARD_LIBRARIES = YES;
				BUNDLE_LOADER = "$(TEST_HOST)";
				CODE_SIGN_STYLE = Automatic;
				INFOPLIST_FILE = haulerLocInjectTests/Info.plist;
				LD_RUNPATH_SEARCH_PATHS = "$(inherited) @executable_path/Frameworks @loader_path/Frameworks";
				PRODUCT_BUNDLE_IDENTIFIER = hauler.haulerLocInjectTests;
				PRODUCT_NAME = "$(TARGET_NAME)";
				SWIFT_VERSION = 4.2;
				TARGETED_DEVICE_FAMILY = "1,2";
				TEST_HOST = "$(BUILT_PRODUCTS_DIR)/haulerLocInject.app/haulerLocInject";
			};
			name = Debug;
		};
		2228219D2244DEBE0000FA92 /* Release */ = {
			isa = XCBuildConfiguration;
			buildSettings = {
				ALWAYS_EMBED_SWIFT_STANDARD_LIBRARIES = YES;
				BUNDLE_LOADER = "$(TEST_HOST)";
				CODE_SIGN_STYLE = Automatic;
				INFOPLIST_FILE = haulerLocInjectTests/Info.plist;
				LD_RUNPATH_SEARCH_PATHS = "$(inherited) @executable_path/Frameworks @loader_path/Frameworks";
				PRODUCT_BUNDLE_IDENTIFIER = hauler.haulerLocInjectTests;
				PRODUCT_NAME = "$(TARGET_NAME)";
				SWIFT_VERSION = 4.2;
				TARGETED_DEVICE_FAMILY = "1,2";
				TEST_HOST = "$(BUILT_PRODUCTS_DIR)/haulerLocInject.app/haulerLocInject";
			};
			name = Release;
		};
		2228219F2244DEBE0000FA92 /* Debug */ = {
			isa = XCBuildConfiguration;
			buildSettings = {
				ALWAYS_EMBED_SWIFT_STANDARD_LIBRARIES = YES;
				CODE_SIGN_STYLE = Automatic;
				INFOPLIST_FILE = haulerLocInjectUITests/Info.plist;
				LD_RUNPATH_SEARCH_PATHS = "$(inherited) @executable_path/Frameworks @loader_path/Frameworks";
				PRODUCT_BUNDLE_IDENTIFIER = hauler.haulerLocInjectUITests;
				PRODUCT_NAME = "$(TARGET_NAME)";
				SWIFT_VERSION = 4.2;
				TARGETED_DEVICE_FAMILY = "1,2";
				TEST_TARGET_NAME = haulerLocInject;
			};
			name = Debug;
		};
		222821A02244DEBE0000FA92 /* Release */ = {
			isa = XCBuildConfiguration;
			buildSettings = {
				ALWAYS_EMBED_SWIFT_STANDARD_LIBRARIES = YES;
				CODE_SIGN_STYLE = Automatic;
				INFOPLIST_FILE = haulerLocInjectUITests/Info.plist;
				LD_RUNPATH_SEARCH_PATHS = "$(inherited) @executable_path/Frameworks @loader_path/Frameworks";
				PRODUCT_BUNDLE_IDENTIFIER = hauler.haulerLocInjectUITests;
				PRODUCT_NAME = "$(TARGET_NAME)";
				SWIFT_VERSION = 4.2;
				TARGETED_DEVICE_FAMILY = "1,2";
				TEST_TARGET_NAME = haulerLocInject;
			};
			name = Release;
		};
/* End XCBuildConfiguration section */

/* Begin XCConfigurationList section */
		2228216B2244DEBC0000FA92 /* Build configuration list for PBXProject "haulerLocInject" */ = {
			isa = XCConfigurationList;
			buildConfigurations = (
				222821962244DEBE0000FA92 /* Debug */,
				222821972244DEBE0000FA92 /* Release */,
			);
			defaultConfigurationIsVisible = 0;
			defaultConfigurationName = Release;
		};
		222821982244DEBE0000FA92 /* Build configuration list for PBXNativeTarget "haulerLocInject" */ = {
			isa = XCConfigurationList;
			buildConfigurations = (
				222821992244DEBE0000FA92 /* Debug */,
				2228219A2244DEBE0000FA92 /* Release */,
			);
			defaultConfigurationIsVisible = 0;
			defaultConfigurationName = Release;
		};
		2228219B2244DEBE0000FA92 /* Build configuration list for PBXNativeTarget "haulerLocInjectTests" */ = {
			isa = XCConfigurationList;
			buildConfigurations = (
				2228219C2244DEBE0000FA92 /* Debug */,
				2228219D2244DEBE0000FA92 /* Release */,
			);
			defaultConfigurationIsVisible = 0;
			defaultConfigurationName = Release;
		};
		2228219E2244DEBE0000FA92 /* Build configuration list for PBXNativeTarget "haulerLocInjectUITests" */ = {
			isa = XCConfigurationList;
			buildConfigurations = (
				2228219F2244DEBE0000FA92 /* Debug */,
				222821A02244DEBE0000FA92 /* Release */,
			);
			defaultConfigurationIsVisible = 0;
			defaultConfigurationName = Release;
		};
/* End XCConfigurationList section */
	};
	rootObject = 222821682244DEBC0000FA92 /* Project object */;
}
